
Microsoft Visual Studio Solution File, Format Version 12.00
# Visual Studio 15
VisualStudioVersion = 15.0.26430.16
MinimumVisualStudioVersion = 10.0.40219.1
Project("{9A19103F-16F7-4668-BE54-9A1E7A4F7556}") = "Minuto.Api", "Minuto.Api\Minuto.Api.csproj", "{4BCE8177-DEAA-4952-B907-D5976D29E6FC}"
EndProject
Project("{FAE04EC0-301F-11D3-BF4B-00C04F79EFBC}") = "Minuto.Entidade", "Minuto.Entidade\Minuto.Entidade.csproj", "{521A00A4-AFA8-492C-AC98-BFE3713526AE}"
EndProject
Global
	GlobalSection(SolutionConfigurationPlatforms) = preSolution
		Debug|Any CPU = Debug|Any CPU
		Release|Any CPU = Release|Any CPU
	EndGlobalSection
	GlobalSection(ProjectConfigurationPlatforms) = postSolution
		{4BCE8177-DEAA-4952-B907-D5976D29E6FC}.Debug|Any CPU.ActiveCfg = Debug|Any CPU
		{4BCE8177-DEAA-4952-B907-D5976D29E6FC}.Debug|Any CPU.Build.0 = Debug|Any CPU
		{4BCE8177-DEAA-4952-B907-D5976D29E6FC}.Release|Any CPU.ActiveCfg = Release|Any CPU
		{4BCE8177-DEAA-4952-B907-D5976D29E6FC}.Release|Any CPU.Build.0 = Release|Any CPU
		{521A00A4-AFA8-492C-AC98-BFE3713526AE}.Debug|Any CPU.ActiveCfg = Debug|Any CPU
		{521A00A4-AFA8-492C-AC98-BFE3713526AE}.Debug|Any CPU.Build.0 = Debug|Any CPU
		{521A00A4-AFA8-492C-AC98-BFE3713526AE}.Release|Any CPU.ActiveCfg = Release|Any CPU
		{521A00A4-AFA8-492C-AC98-BFE3713526AE}.Release|Any CPU.Build.0 = Release|Any CPU
	EndGlobalSection
	GlobalSection(SolutionProperties) = preSolution
		HideSolutionNode = FALSE
	EndGlobalSection
	GlobalSection(ExtensibilityGlobals) = postSolution
		SolutionGuid = {B61F342B-EC01-4231-9872-87DA7E21B2CF}
	EndGlobalSection
EndGlobal
