
Microsoft Visual Studio Solution File, Format Version 12.00
# Visual Studio 15
VisualStudioVersion = 15.0.26430.16
MinimumVisualStudioVersion = 10.0.40219.1
Project("{9A19103F-16F7-4668-BE54-9A1E7A4F7556}") = "MinutoSegurosLenon", "MinutoSegurosLenon\MinutoSegurosLenon.csproj", "{4D8ED88D-4ABC-4729-9AC3-91980BA57178}"
EndProject
Project("{FAE04EC0-301F-11D3-BF4B-00C04F79EFBC}") = "MinutaApi", "MinutaApi\MinutaApi.csproj", "{78F67CD6-D4AD-42FF-9D86-D025DC45A103}"
EndProject
Global
	GlobalSection(SolutionConfigurationPlatforms) = preSolution
		Debug|Any CPU = Debug|Any CPU
		Release|Any CPU = Release|Any CPU
	EndGlobalSection
	GlobalSection(ProjectConfigurationPlatforms) = postSolution
		{4D8ED88D-4ABC-4729-9AC3-91980BA57178}.Debug|Any CPU.ActiveCfg = Debug|Any CPU
		{4D8ED88D-4ABC-4729-9AC3-91980BA57178}.Debug|Any CPU.Build.0 = Debug|Any CPU
		{4D8ED88D-4ABC-4729-9AC3-91980BA57178}.Release|Any CPU.ActiveCfg = Release|Any CPU
		{4D8ED88D-4ABC-4729-9AC3-91980BA57178}.Release|Any CPU.Build.0 = Release|Any CPU
		{78F67CD6-D4AD-42FF-9D86-D025DC45A103}.Debug|Any CPU.ActiveCfg = Debug|Any CPU
		{78F67CD6-D4AD-42FF-9D86-D025DC45A103}.Debug|Any CPU.Build.0 = Debug|Any CPU
		{78F67CD6-D4AD-42FF-9D86-D025DC45A103}.Release|Any CPU.ActiveCfg = Release|Any CPU
		{78F67CD6-D4AD-42FF-9D86-D025DC45A103}.Release|Any CPU.Build.0 = Release|Any CPU
	EndGlobalSection
	GlobalSection(SolutionProperties) = preSolution
		HideSolutionNode = FALSE
	EndGlobalSection
EndGlobal
